// !$*UTF8*$!
{
	archiveVersion = 1;
	classes = {
	};
	objectVersion = 50;
	objects = {

/* Begin PBXBuildFile section */
		7E1B803225663AD100D2D419 /* AppDelegate.swift in Sources */ = {isa = PBXBuildFile; fileRef = 7E1B803125663AD100D2D419 /* AppDelegate.swift */; };
		7E1B803425663AD100D2D419 /* SceneDelegate.swift in Sources */ = {isa = PBXBuildFile; fileRef = 7E1B803325663AD100D2D419 /* SceneDelegate.swift */; };
		7E1B803625663AD100D2D419 /* ViewController.swift in Sources */ = {isa = PBXBuildFile; fileRef = 7E1B803525663AD100D2D419 /* ViewController.swift */; };
		7E1B803925663AD100D2D419 /* Main.storyboard in Resources */ = {isa = PBXBuildFile; fileRef = 7E1B803725663AD100D2D419 /* Main.storyboard */; };
		7E1B803B25663AD300D2D419 /* Assets.xcassets in Resources */ = {isa = PBXBuildFile; fileRef = 7E1B803A25663AD300D2D419 /* Assets.xcassets */; };
		7E1B803E25663AD300D2D419 /* LaunchScreen.storyboard in Resources */ = {isa = PBXBuildFile; fileRef = 7E1B803C25663AD300D2D419 /* LaunchScreen.storyboard */; };
		7E1B804925663AD400D2D419 /* DragAndDropTests.swift in Sources */ = {isa = PBXBuildFile; fileRef = 7E1B804825663AD400D2D419 /* DragAndDropTests.swift */; };
		7E1B805425663AD400D2D419 /* DragAndDropUITests.swift in Sources */ = {isa = PBXBuildFile; fileRef = 7E1B805325663AD400D2D419 /* DragAndDropUITests.swift */; };
/* End PBXBuildFile section */

/* Begin PBXContainerItemProxy section */
		7E1B804525663AD400D2D419 /* PBXContainerItemProxy */ = {
			isa = PBXContainerItemProxy;
			containerPortal = 7E1B802625663AD000D2D419 /* Project object */;
			proxyType = 1;
			remoteGlobalIDString = 7E1B802D25663AD100D2D419;
			remoteInfo = DragAndDrop;
		};
		7E1B805025663AD400D2D419 /* PBXContainerItemProxy */ = {
			isa = PBXContainerItemProxy;
			containerPortal = 7E1B802625663AD000D2D419 /* Project object */;
			proxyType = 1;
			remoteGlobalIDString = 7E1B802D25663AD100D2D419;
			remoteInfo = DragAndDrop;
		};
/* End PBXContainerItemProxy section */

/* Begin PBXFileReference section */
		7E1B802E25663AD100D2D419 /* DragAndDrop.app */ = {isa = PBXFileReference; explicitFileType = wrapper.application; includeInIndex = 0; path = DragAndDrop.app; sourceTree = BUILT_PRODUCTS_DIR; };
		7E1B803125663AD100D2D419 /* AppDelegate.swift */ = {isa = PBXFileReference; lastKnownFileType = sourcecode.swift; path = AppDelegate.swift; sourceTree = "<group>"; };
		7E1B803325663AD100D2D419 /* SceneDelegate.swift */ = {isa = PBXFileReference; lastKnownFileType = sourcecode.swift; path = SceneDelegate.swift; sourceTree = "<group>"; };
		7E1B803525663AD100D2D419 /* ViewController.swift */ = {isa = PBXFileReference; lastKnownFileType = sourcecode.swift; path = ViewController.swift; sourceTree = "<group>"; };
		7E1B803825663AD100D2D419 /* Base */ = {isa = PBXFileReference; lastKnownFileType = file.storyboard; name = Base; path = Base.lproj/Main.storyboard; sourceTree = "<group>"; };
		7E1B803A25663AD300D2D419 /* Assets.xcassets */ = {isa = PBXFileReference; lastKnownFileType = folder.assetcatalog; path = Assets.xcassets; sourceTree = "<group>"; };
		7E1B803D25663AD300D2D419 /* Base */ = {isa = PBXFileReference; lastKnownFileType = file.storyboard; name = Base; path = Base.lproj/LaunchScreen.storyboard; sourceTree = "<group>"; };
		7E1B803F25663AD300D2D419 /* Info.plist */ = {isa = PBXFileReference; lastKnownFileType = text.plist.xml; path = Info.plist; sourceTree = "<group>"; };
		7E1B804425663AD400D2D419 /* DragAndDropTests.xctest */ = {isa = PBXFileReference; explicitFileType = wrapper.cfbundle; includeInIndex = 0; path = DragAndDropTests.xctest; sourceTree = BUILT_PRODUCTS_DIR; };
		7E1B804825663AD400D2D419 /* DragAndDropTests.swift */ = {isa = PBXFileReference; lastKnownFileType = sourcecode.swift; path = DragAndDropTests.swift; sourceTree = "<group>"; };
		7E1B804A25663AD400D2D419 /* Info.plist */ = {isa = PBXFileReference; lastKnownFileType = text.plist.xml; path = Info.plist; sourceTree = "<group>"; };
		7E1B804F25663AD400D2D419 /* DragAndDropUITests.xctest */ = {isa = PBXFileReference; explicitFileType = wrapper.cfbundle; includeInIndex = 0; path = DragAndDropUITests.xctest; sourceTree = BUILT_PRODUCTS_DIR; };
		7E1B805325663AD400D2D419 /* DragAndDropUITests.swift */ = {isa = PBXFileReference; lastKnownFileType = sourcecode.swift; path = DragAndDropUITests.swift; sourceTree = "<group>"; };
		7E1B805525663AD400D2D419 /* Info.plist */ = {isa = PBXFileReference; lastKnownFileType = text.plist.xml; path = Info.plist; sourceTree = "<group>"; };
/* End PBXFileReference section */

/* Begin PBXFrameworksBuildPhase section */
		7E1B802B25663AD100D2D419 /* Frameworks */ = {
			isa = PBXFrameworksBuildPhase;
			buildActionMask = 2147483647;
			files = (
			);
			runOnlyForDeploymentPostprocessing = 0;
		};
		7E1B804125663AD400D2D419 /* Frameworks */ = {
			isa = PBXFrameworksBuildPhase;
			buildActionMask = 2147483647;
			files = (
			);
			runOnlyForDeploymentPostprocessing = 0;
		};
		7E1B804C25663AD400D2D419 /* Frameworks */ = {
			isa = PBXFrameworksBuildPhase;
			buildActionMask = 2147483647;
			files = (
			);
			runOnlyForDeploymentPostprocessing = 0;
		};
/* End PBXFrameworksBuildPhase section */

/* Begin PBXGroup section */
		7E1B802525663AD000D2D419 = {
			isa = PBXGroup;
			children = (
				7E1B803025663AD100D2D419 /* DragAndDrop */,
				7E1B804725663AD400D2D419 /* DragAndDropTests */,
				7E1B805225663AD400D2D419 /* DragAndDropUITests */,
				7E1B802F25663AD100D2D419 /* Products */,
			);
			sourceTree = "<group>";
		};
		7E1B802F25663AD100D2D419 /* Products */ = {
			isa = PBXGroup;
			children = (
				7E1B802E25663AD100D2D419 /* DragAndDrop.app */,
				7E1B804425663AD400D2D419 /* DragAndDropTests.xctest */,
				7E1B804F25663AD400D2D419 /* DragAndDropUITests.xctest */,
			);
			name = Products;
			sourceTree = "<group>";
		};
		7E1B803025663AD100D2D419 /* DragAndDrop */ = {
			isa = PBXGroup;
			children = (
				7E1B803125663AD100D2D419 /* AppDelegate.swift */,
				7E1B803325663AD100D2D419 /* SceneDelegate.swift */,
				7E1B803525663AD100D2D419 /* ViewController.swift */,
				7E1B803725663AD100D2D419 /* Main.storyboard */,
				7E1B803A25663AD300D2D419 /* Assets.xcassets */,
				7E1B803C25663AD300D2D419 /* LaunchScreen.storyboard */,
				7E1B803F25663AD300D2D419 /* Info.plist */,
			);
			path = DragAndDrop;
			sourceTree = "<group>";
		};
		7E1B804725663AD400D2D419 /* DragAndDropTests */ = {
			isa = PBXGroup;
			children = (
				7E1B804825663AD400D2D419 /* DragAndDropTests.swift */,
				7E1B804A25663AD400D2D419 /* Info.plist */,
			);
			path = DragAndDropTests;
			sourceTree = "<group>";
		};
		7E1B805225663AD400D2D419 /* DragAndDropUITests */ = {
			isa = PBXGroup;
			children = (
				7E1B805325663AD400D2D419 /* DragAndDropUITests.swift */,
				7E1B805525663AD400D2D419 /* Info.plist */,
			);
			path = DragAndDropUITests;
			sourceTree = "<group>";
		};
/* End PBXGroup section */

/* Begin PBXNativeTarget section */
		7E1B802D25663AD100D2D419 /* DragAndDrop */ = {
			isa = PBXNativeTarget;
			buildConfigurationList = 7E1B805825663AD400D2D419 /* Build configuration list for PBXNativeTarget "DragAndDrop" */;
			buildPhases = (
				7E1B802A25663AD100D2D419 /* Sources */,
				7E1B802B25663AD100D2D419 /* Frameworks */,
				7E1B802C25663AD100D2D419 /* Resources */,
			);
			buildRules = (
			);
			dependencies = (
			);
			name = DragAndDrop;
			productName = DragAndDrop;
			productReference = 7E1B802E25663AD100D2D419 /* DragAndDrop.app */;
			productType = "com.apple.product-type.application";
		};
		7E1B804325663AD400D2D419 /* DragAndDropTests */ = {
			isa = PBXNativeTarget;
			buildConfigurationList = 7E1B805B25663AD400D2D419 /* Build configuration list for PBXNativeTarget "DragAndDropTests" */;
			buildPhases = (
				7E1B804025663AD400D2D419 /* Sources */,
				7E1B804125663AD400D2D419 /* Frameworks */,
				7E1B804225663AD400D2D419 /* Resources */,
			);
			buildRules = (
			);
			dependencies = (
				7E1B804625663AD400D2D419 /* PBXTargetDependency */,
			);
			name = DragAndDropTests;
			productName = DragAndDropTests;
			productReference = 7E1B804425663AD400D2D419 /* DragAndDropTests.xctest */;
			productType = "com.apple.product-type.bundle.unit-test";
		};
		7E1B804E25663AD400D2D419 /* DragAndDropUITests */ = {
			isa = PBXNativeTarget;
			buildConfigurationList = 7E1B805E25663AD400D2D419 /* Build configuration list for PBXNativeTarget "DragAndDropUITests" */;
			buildPhases = (
				7E1B804B25663AD400D2D419 /* Sources */,
				7E1B804C25663AD400D2D419 /* Frameworks */,
				7E1B804D25663AD400D2D419 /* Resources */,
			);
			buildRules = (
			);
			dependencies = (
				7E1B805125663AD400D2D419 /* PBXTargetDependency */,
			);
			name = DragAndDropUITests;
			productName = DragAndDropUITests;
			productReference = 7E1B804F25663AD400D2D419 /* DragAndDropUITests.xctest */;
			productType = "com.apple.product-type.bundle.ui-testing";
		};
/* End PBXNativeTarget section */

/* Begin PBXProject section */
		7E1B802625663AD000D2D419 /* Project object */ = {
			isa = PBXProject;
			attributes = {
				LastSwiftUpdateCheck = 1210;
				LastUpgradeCheck = 1210;
				TargetAttributes = {
					7E1B802D25663AD100D2D419 = {
						CreatedOnToolsVersion = 12.1.1;
					};
					7E1B804325663AD400D2D419 = {
						CreatedOnToolsVersion = 12.1.1;
						TestTargetID = 7E1B802D25663AD100D2D419;
					};
					7E1B804E25663AD400D2D419 = {
						CreatedOnToolsVersion = 12.1.1;
						TestTargetID = 7E1B802D25663AD100D2D419;
					};
				};
			};
			buildConfigurationList = 7E1B802925663AD000D2D419 /* Build configuration list for PBXProject "DragAndDrop" */;
			compatibilityVersion = "Xcode 9.3";
			developmentRegion = en;
			hasScannedForEncodings = 0;
			knownRegions = (
				en,
				Base,
			);
			mainGroup = 7E1B802525663AD000D2D419;
			productRefGroup = 7E1B802F25663AD100D2D419 /* Products */;
			projectDirPath = "";
			projectRoot = "";
			targets = (
				7E1B802D25663AD100D2D419 /* DragAndDrop */,
				7E1B804325663AD400D2D419 /* DragAndDropTests */,
				7E1B804E25663AD400D2D419 /* DragAndDropUITests */,
			);
		};
/* End PBXProject section */

/* Begin PBXResourcesBuildPhase section */
		7E1B802C25663AD100D2D419 /* Resources */ = {
			isa = PBXResourcesBuildPhase;
			buildActionMask = 2147483647;
			files = (
				7E1B803E25663AD300D2D419 /* LaunchScreen.storyboard in Resources */,
				7E1B803B25663AD300D2D419 /* Assets.xcassets in Resources */,
				7E1B803925663AD100D2D419 /* Main.storyboard in Resources */,
			);
			runOnlyForDeploymentPostprocessing = 0;
		};
		7E1B804225663AD400D2D419 /* Resources */ = {
			isa = PBXResourcesBuildPhase;
			buildActionMask = 2147483647;
			files = (
			);
			runOnlyForDeploymentPostprocessing = 0;
		};
		7E1B804D25663AD400D2D419 /* Resources */ = {
			isa = PBXResourcesBuildPhase;
			buildActionMask = 2147483647;
			files = (
			);
			runOnlyForDeploymentPostprocessing = 0;
		};
/* End PBXResourcesBuildPhase section */

/* Begin PBXSourcesBuildPhase section */
		7E1B802A25663AD100D2D419 /* Sources */ = {
			isa = PBXSourcesBuildPhase;
			buildActionMask = 2147483647;
			files = (
				7E1B803625663AD100D2D419 /* ViewController.swift in Sources */,
				7E1B803225663AD100D2D419 /* AppDelegate.swift in Sources */,
				7E1B803425663AD100D2D419 /* SceneDelegate.swift in Sources */,
			);
			runOnlyForDeploymentPostprocessing = 0;
		};
		7E1B804025663AD400D2D419 /* Sources */ = {
			isa = PBXSourcesBuildPhase;
			buildActionMask = 2147483647;
			files = (
				7E1B804925663AD400D2D419 /* DragAndDropTests.swift in Sources */,
			);
			runOnlyForDeploymentPostprocessing = 0;
		};
		7E1B804B25663AD400D2D419 /* Sources */ = {
			isa = PBXSourcesBuildPhase;
			buildActionMask = 2147483647;
			files = (
				7E1B805425663AD400D2D419 /* DragAndDropUITests.swift in Sources */,
			);
			runOnlyForDeploymentPostprocessing = 0;
		};
/* End PBXSourcesBuildPhase section */

/* Begin PBXTargetDependency section */
		7E1B804625663AD400D2D419 /* PBXTargetDependency */ = {
			isa = PBXTargetDependency;
			target = 7E1B802D25663AD100D2D419 /* DragAndDrop */;
			targetProxy = 7E1B804525663AD400D2D419 /* PBXContainerItemProxy */;
		};
		7E1B805125663AD400D2D419 /* PBXTargetDependency */ = {
			isa = PBXTargetDependency;
			target = 7E1B802D25663AD100D2D419 /* DragAndDrop */;
			targetProxy = 7E1B805025663AD400D2D419 /* PBXContainerItemProxy */;
		};
/* End PBXTargetDependency section */

/* Begin PBXVariantGroup section */
		7E1B803725663AD100D2D419 /* Main.storyboard */ = {
			isa = PBXVariantGroup;
			children = (
				7E1B803825663AD100D2D419 /* Base */,
			);
			name = Main.storyboard;
			sourceTree = "<group>";
		};
		7E1B803C25663AD300D2D419 /* LaunchScreen.storyboard */ = {
			isa = PBXVariantGroup;
			children = (
				7E1B803D25663AD300D2D419 /* Base */,
			);
			name = LaunchScreen.storyboard;
			sourceTree = "<group>";
		};
/* End PBXVariantGroup section */

/* Begin XCBuildConfiguration section */
		7E1B805625663AD400D2D419 /* Debug */ = {
			isa = XCBuildConfiguration;
			buildSettings = {
				ALWAYS_SEARCH_USER_PATHS = NO;
				CLANG_ANALYZER_NONNULL = YES;
				CLANG_ANALYZER_NUMBER_OBJECT_CONVERSION = YES_AGGRESSIVE;
				CLANG_CXX_LANGUAGE_STANDARD = "gnu++14";
				CLANG_CXX_LIBRARY = "libc++";
				CLANG_ENABLE_MODULES = YES;
				CLANG_ENABLE_OBJC_ARC = YES;
				CLANG_ENABLE_OBJC_WEAK = YES;
				CLANG_WARN_BLOCK_CAPTURE_AUTORELEASING = YES;
				CLANG_WARN_BOOL_CONVERSION = YES;
				CLANG_WARN_COMMA = YES;
				CLANG_WARN_CONSTANT_CONVERSION = YES;
				CLANG_WARN_DEPRECATED_OBJC_IMPLEMENTATIONS = YES;
				CLANG_WARN_DIRECT_OBJC_ISA_USAGE = YES_ERROR;
				CLANG_WARN_DOCUMENTATION_COMMENTS = YES;
				CLANG_WARN_EMPTY_BODY = YES;
				CLANG_WARN_ENUM_CONVERSION = YES;
				CLANG_WARN_INFINITE_RECURSION = YES;
				CLANG_WARN_INT_CONVERSION = YES;
				CLANG_WARN_NON_LITERAL_NULL_CONVERSION = YES;
				CLANG_WARN_OBJC_IMPLICIT_RETAIN_SELF = YES;
				CLANG_WARN_OBJC_LITERAL_CONVERSION = YES;
				CLANG_WARN_OBJC_ROOT_CLASS = YES_ERROR;
				CLANG_WARN_QUOTED_INCLUDE_IN_FRAMEWORK_HEADER = YES;
				CLANG_WARN_RANGE_LOOP_ANALYSIS = YES;
				CLANG_WARN_STRICT_PROTOTYPES = YES;
				CLANG_WARN_SUSPICIOUS_MOVE = YES;
				CLANG_WARN_UNGUARDED_AVAILABILITY = YES_AGGRESSIVE;
				CLANG_WARN_UNREACHABLE_CODE = YES;
				CLANG_WARN__DUPLICATE_METHOD_MATCH = YES;
				COPY_PHASE_STRIP = NO;
				DEBUG_INFORMATION_FORMAT = dwarf;
				ENABLE_STRICT_OBJC_MSGSEND = YES;
				ENABLE_TESTABILITY = YES;
				GCC_C_LANGUAGE_STANDARD = gnu11;
				GCC_DYNAMIC_NO_PIC = NO;
				GCC_NO_COMMON_BLOCKS = YES;
				GCC_OPTIMIZATION_LEVEL = 0;
				GCC_PREPROCESSOR_DEFINITIONS = (
					"DEBUG=1",
					"$(inherited)",
				);
				GCC_WARN_64_TO_32_BIT_CONVERSION = YES;
				GCC_WARN_ABOUT_RETURN_TYPE = YES_ERROR;
				GCC_WARN_UNDECLARED_SELECTOR = YES;
				GCC_WARN_UNINITIALIZED_AUTOS = YES_AGGRESSIVE;
				GCC_WARN_UNUSED_FUNCTION = YES;
				GCC_WARN_UNUSED_VARIABLE = YES;
				IPHONEOS_DEPLOYMENT_TARGET = 14.2;
				MTL_ENABLE_DEBUG_INFO = INCLUDE_SOURCE;
				MTL_FAST_MATH = YES;
				ONLY_ACTIVE_ARCH = YES;
				SDKROOT = iphoneos;
				SWIFT_ACTIVE_COMPILATION_CONDITIONS = DEBUG;
				SWIFT_OPTIMIZATION_LEVEL = "-Onone";
			};
			name = Debug;
		};
		7E1B805725663AD400D2D419 /* Release */ = {
			isa = XCBuildConfiguration;
			buildSettings = {
				ALWAYS_SEARCH_USER_PATHS = NO;
				CLANG_ANALYZER_NONNULL = YES;
				CLANG_ANALYZER_NUMBER_OBJECT_CONVERSION = YES_AGGRESSIVE;
				CLANG_CXX_LANGUAGE_STANDARD = "gnu++14";
				CLANG_CXX_LIBRARY = "libc++";
				CLANG_ENABLE_MODULES = YES;
				CLANG_ENABLE_OBJC_ARC = YES;
				CLANG_ENABLE_OBJC_WEAK = YES;
				CLANG_WARN_BLOCK_CAPTURE_AUTORELEASING = YES;
				CLANG_WARN_BOOL_CONVERSION = YES;
				CLANG_WARN_COMMA = YES;
				CLANG_WARN_CONSTANT_CONVERSION = YES;
				CLANG_WARN_DEPRECATED_OBJC_IMPLEMENTATIONS = YES;
				CLANG_WARN_DIRECT_OBJC_ISA_USAGE = YES_ERROR;
				CLANG_WARN_DOCUMENTATION_COMMENTS = YES;
				CLANG_WARN_EMPTY_BODY = YES;
				CLANG_WARN_ENUM_CONVERSION = YES;
				CLANG_WARN_INFINITE_RECURSION = YES;
				CLANG_WARN_INT_CONVERSION = YES;
				CLANG_WARN_NON_LITERAL_NULL_CONVERSION = YES;
				CLANG_WARN_OBJC_IMPLICIT_RETAIN_SELF = YES;
				CLANG_WARN_OBJC_LITERAL_CONVERSION = YES;
				CLANG_WARN_OBJC_ROOT_CLASS = YES_ERROR;
				CLANG_WARN_QUOTED_INCLUDE_IN_FRAMEWORK_HEADER = YES;
				CLANG_WARN_RANGE_LOOP_ANALYSIS = YES;
				CLANG_WARN_STRICT_PROTOTYPES = YES;
				CLANG_WARN_SUSPICIOUS_MOVE = YES;
				CLANG_WARN_UNGUARDED_AVAILABILITY = YES_AGGRESSIVE;
				CLANG_WARN_UNREACHABLE_CODE = YES;
				CLANG_WARN__DUPLICATE_METHOD_MATCH = YES;
				COPY_PHASE_STRIP = NO;
				DEBUG_INFORMATION_FORMAT = "dwarf-with-dsym";
				ENABLE_NS_ASSERTIONS = NO;
				ENABLE_STRICT_OBJC_MSGSEND = YES;
				GCC_C_LANGUAGE_STANDARD = gnu11;
				GCC_NO_COMMON_BLOCKS = YES;
				GCC_WARN_64_TO_32_BIT_CONVERSION = YES;
				GCC_WARN_ABOUT_RETURN_TYPE = YES_ERROR;
				GCC_WARN_UNDECLARED_SELECTOR = YES;
				GCC_WARN_UNINITIALIZED_AUTOS = YES_AGGRESSIVE;
				GCC_WARN_UNUSED_FUNCTION = YES;
				GCC_WARN_UNUSED_VARIABLE = YES;
				IPHONEOS_DEPLOYMENT_TARGET = 14.2;
				MTL_ENABLE_DEBUG_INFO = NO;
				MTL_FAST_MATH = YES;
				SDKROOT = iphoneos;
				SWIFT_COMPILATION_MODE = wholemodule;
				SWIFT_OPTIMIZATION_LEVEL = "-O";
				VALIDATE_PRODUCT = YES;
			};
			name = Release;
		};
		7E1B805925663AD400D2D419 /* Debug */ = {
			isa = XCBuildConfiguration;
			buildSettings = {
				ASSETCATALOG_COMPILER_APPICON_NAME = AppIcon;
				ASSETCATALOG_COMPILER_GLOBAL_ACCENT_COLOR_NAME = AccentColor;
				CODE_SIGN_STYLE = Automatic;
				INFOPLIST_FILE = DragAndDrop/Info.plist;
				LD_RUNPATH_SEARCH_PATHS = (
					"$(inherited)",
					"@executable_path/Frameworks",
				);
				PRODUCT_BUNDLE_IDENTIFIER = Wee.DragAndDrop;
				PRODUCT_NAME = "$(TARGET_NAME)";
				SWIFT_VERSION = 5.0;
				TARGETED_DEVICE_FAMILY = "1,2";
			};
			name = Debug;
		};
		7E1B805A25663AD400D2D419 /* Release */ = {
			isa = XCBuildConfiguration;
			buildSettings = {
				ASSETCATALOG_COMPILER_APPICON_NAME = AppIcon;
				ASSETCATALOG_COMPILER_GLOBAL_ACCENT_COLOR_NAME = AccentColor;
				CODE_SIGN_STYLE = Automatic;
				INFOPLIST_FILE = DragAndDrop/Info.plist;
				LD_RUNPATH_SEARCH_PATHS = (
					"$(inherited)",
					"@executable_path/Frameworks",
				);
				PRODUCT_BUNDLE_IDENTIFIER = Wee.DragAndDrop;
				PRODUCT_NAME = "$(TARGET_NAME)";
				SWIFT_VERSION = 5.0;
				TARGETED_DEVICE_FAMILY = "1,2";
			};
			name = Release;
		};
		7E1B805C25663AD400D2D419 /* Debug */ = {
			isa = XCBuildConfiguration;
			buildSettings = {
				ALWAYS_EMBED_SWIFT_STANDARD_LIBRARIES = YES;
				BUNDLE_LOADER = "$(TEST_HOST)";
				CODE_SIGN_STYLE = Automatic;
				INFOPLIST_FILE = DragAndDropTests/Info.plist;
				IPHONEOS_DEPLOYMENT_TARGET = 14.2;
				LD_RUNPATH_SEARCH_PATHS = (
					"$(inherited)",
					"@executable_path/Frameworks",
					"@loader_path/Frameworks",
				);
				PRODUCT_BUNDLE_IDENTIFIER = Wee.DragAndDropTests;
				PRODUCT_NAME = "$(TARGET_NAME)";
				SWIFT_VERSION = 5.0;
				TARGETED_DEVICE_FAMILY = "1,2";
				TEST_HOST = "$(BUILT_PRODUCTS_DIR)/DragAndDrop.app/DragAndDrop";
			};
			name = Debug;
		};
		7E1B805D25663AD400D2D419 /* Release */ = {
			isa = XCBuildConfiguration;
			buildSettings = {
				ALWAYS_EMBED_SWIFT_STANDARD_LIBRARIES = YES;
				BUNDLE_LOADER = "$(TEST_HOST)";
				CODE_SIGN_STYLE = Automatic;
				INFOPLIST_FILE = DragAndDropTests/Info.plist;
				IPHONEOS_DEPLOYMENT_TARGET = 14.2;
				LD_RUNPATH_SEARCH_PATHS = (
					"$(inherited)",
					"@executable_path/Frameworks",
					"@loader_path/Frameworks",
				);
				PRODUCT_BUNDLE_IDENTIFIER = Wee.DragAndDropTests;
				PRODUCT_NAME = "$(TARGET_NAME)";
				SWIFT_VERSION = 5.0;
				TARGETED_DEVICE_FAMILY = "1,2";
				TEST_HOST = "$(BUILT_PRODUCTS_DIR)/DragAndDrop.app/DragAndDrop";
			};
			name = Release;
		};
		7E1B805F25663AD400D2D419 /* Debug */ = {
			isa = XCBuildConfiguration;
			buildSettings = {
				ALWAYS_EMBED_SWIFT_STANDARD_LIBRARIES = YES;
				CODE_SIGN_STYLE = Automatic;
				INFOPLIST_FILE = DragAndDropUITests/Info.plist;
				LD_RUNPATH_SEARCH_PATHS = (
					"$(inherited)",
					"@executable_path/Frameworks",
					"@loader_path/Frameworks",
				);
				PRODUCT_BUNDLE_IDENTIFIER = Wee.DragAndDropUITests;
				PRODUCT_NAME = "$(TARGET_NAME)";
				SWIFT_VERSION = 5.0;
				TARGETED_DEVICE_FAMILY = "1,2";
				TEST_TARGET_NAME = DragAndDrop;
			};
			name = Debug;
		};
		7E1B806025663AD400D2D419 /* Release */ = {
			isa = XCBuildConfiguration;
			buildSettings = {
				ALWAYS_EMBED_SWIFT_STANDARD_LIBRARIES = YES;
				CODE_SIGN_STYLE = Automatic;
				INFOPLIST_FILE = DragAndDropUITests/Info.plist;
				LD_RUNPATH_SEARCH_PATHS = (
					"$(inherited)",
					"@executable_path/Frameworks",
					"@loader_path/Frameworks",
				);
				PRODUCT_BUNDLE_IDENTIFIER = Wee.DragAndDropUITests;
				PRODUCT_NAME = "$(TARGET_NAME)";
				SWIFT_VERSION = 5.0;
				TARGETED_DEVICE_FAMILY = "1,2";
				TEST_TARGET_NAME = DragAndDrop;
			};
			name = Release;
		};
/* End XCBuildConfiguration section */

/* Begin XCConfigurationList section */
		7E1B802925663AD000D2D419 /* Build configuration list for PBXProject "DragAndDrop" */ = {
			isa = XCConfigurationList;
			buildConfigurations = (
				7E1B805625663AD400D2D419 /* Debug */,
				7E1B805725663AD400D2D419 /* Release */,
			);
			defaultConfigurationIsVisible = 0;
			defaultConfigurationName = Release;
		};
		7E1B805825663AD400D2D419 /* Build configuration list for PBXNativeTarget "DragAndDrop" */ = {
			isa = XCConfigurationList;
			buildConfigurations = (
				7E1B805925663AD400D2D419 /* Debug */,
				7E1B805A25663AD400D2D419 /* Release */,
			);
			defaultConfigurationIsVisible = 0;
			defaultConfigurationName = Release;
		};
		7E1B805B25663AD400D2D419 /* Build configuration list for PBXNativeTarget "DragAndDropTests" */ = {
			isa = XCConfigurationList;
			buildConfigurations = (
				7E1B805C25663AD400D2D419 /* Debug */,
				7E1B805D25663AD400D2D419 /* Release */,
			);
			defaultConfigurationIsVisible = 0;
			defaultConfigurationName = Release;
		};
		7E1B805E25663AD400D2D419 /* Build configuration list for PBXNativeTarget "DragAndDropUITests" */ = {
			isa = XCConfigurationList;
			buildConfigurations = (
				7E1B805F25663AD400D2D419 /* Debug */,
				7E1B806025663AD400D2D419 /* Release */,
			);
			defaultConfigurationIsVisible = 0;
			defaultConfigurationName = Release;
		};
/* End XCConfigurationList section */
	};
	rootObject = 7E1B802625663AD000D2D419 /* Project object */;
}
